
Microsoft Visual Studio Solution File, Format Version 12.00
# Visual Studio Version 16
VisualStudioVersion = 16.0.31213.239
MinimumVisualStudioVersion = 10.0.40219.1
Project("{FAE04EC0-301F-11D3-BF4B-00C04F79EFBC}") = "{{cookiecutter.name}}", "{{cookiecutter.name}}.csproj", "{C7F860D8-9D99-40B4-BACC-B3AAB8A4C3F5}"
EndProject
Global
	GlobalSection(SolutionConfigurationPlatforms) = preSolution
		Debug|Any CPU = Debug|Any CPU
		Release|Any CPU = Release|Any CPU
	EndGlobalSection
	GlobalSection(ProjectConfigurationPlatforms) = postSolution
		{C7F860D8-9D99-40B4-BACC-B3AAB8A4C3F5}.Debug|Any CPU.ActiveCfg = Debug|Any CPU
		{C7F860D8-9D99-40B4-BACC-B3AAB8A4C3F5}.Debug|Any CPU.Build.0 = Debug|Any CPU
		{C7F860D8-9D99-40B4-BACC-B3AAB8A4C3F5}.Release|Any CPU.ActiveCfg = Release|Any CPU
		{C7F860D8-9D99-40B4-BACC-B3AAB8A4C3F5}.Release|Any CPU.Build.0 = Release|Any CPU
	EndGlobalSection
	GlobalSection(SolutionProperties) = preSolution
		HideSolutionNode = FALSE
	EndGlobalSection
	GlobalSection(ExtensibilityGlobals) = postSolution
		SolutionGuid = {DC7C621D-6B14-49A0-A80D-62453A99A303}
	EndGlobalSection
EndGlobal
